
Microsoft Visual Studio Solution File, Format Version 12.00
# Visual Studio Version 17
VisualStudioVersion = 17.6.33723.286
MinimumVisualStudioVersion = 10.0.40219.1
Project("{FAE04EC0-301F-11D3-BF4B-00C04F79EFBC}") = "SnitchesApp", "SnitchesApp\SnitchesApp.csproj", "{8616AAA7-8C48-49A0-ABEF-138148203F84}"
EndProject
Global
	GlobalSection(SolutionConfigurationPlatforms) = preSolution
		Debug|Any CPU = Debug|Any CPU
		Release|Any CPU = Release|Any CPU
	EndGlobalSection
	GlobalSection(ProjectConfigurationPlatforms) = postSolution
		{8616AAA7-8C48-49A0-ABEF-138148203F84}.Debug|Any CPU.ActiveCfg = Debug|Any CPU
		{8616AAA7-8C48-49A0-ABEF-138148203F84}.Debug|Any CPU.Build.0 = Debug|Any CPU
		{8616AAA7-8C48-49A0-ABEF-138148203F84}.Release|Any CPU.ActiveCfg = Release|Any CPU
		{8616AAA7-8C48-49A0-ABEF-138148203F84}.Release|Any CPU.Build.0 = Release|Any CPU
	EndGlobalSection
	GlobalSection(SolutionProperties) = preSolution
		HideSolutionNode = FALSE
	EndGlobalSection
	GlobalSection(ExtensibilityGlobals) = postSolution
		SolutionGuid = {C8D804E1-687B-432E-A39C-C055577720C2}
	EndGlobalSection
EndGlobal
